
Microsoft Visual Studio Solution File, Format Version 12.00
# Visual Studio Version 16
VisualStudioVersion = 16.0.28922.388
MinimumVisualStudioVersion = 10.0.40219.1
Project("{FAE04EC0-301F-11D3-BF4B-00C04F79EFBC}") = "SMSProviderBackEnd.Api", "SMSProviderBackEnd.Api\SMSProviderBackEnd.Api.csproj", "{301289C8-AB4E-4F22-AB8E-BF449EFF6DE9}"
EndProject
Project("{FAE04EC0-301F-11D3-BF4B-00C04F79EFBC}") = "SMSProviderBackEnd.Models", "SMSProviderBackEnd.Models\SMSProviderBackEnd.Models.csproj", "{AEBA4A9E-52F3-4DB0-A5CE-270479B0A181}"
EndProject
Global
	GlobalSection(SolutionConfigurationPlatforms) = preSolution
		Debug|Any CPU = Debug|Any CPU
		Release|Any CPU = Release|Any CPU
	EndGlobalSection
	GlobalSection(ProjectConfigurationPlatforms) = postSolution
		{301289C8-AB4E-4F22-AB8E-BF449EFF6DE9}.Debug|Any CPU.ActiveCfg = Debug|Any CPU
		{301289C8-AB4E-4F22-AB8E-BF449EFF6DE9}.Debug|Any CPU.Build.0 = Debug|Any CPU
		{301289C8-AB4E-4F22-AB8E-BF449EFF6DE9}.Release|Any CPU.ActiveCfg = Release|Any CPU
		{301289C8-AB4E-4F22-AB8E-BF449EFF6DE9}.Release|Any CPU.Build.0 = Release|Any CPU
		{AEBA4A9E-52F3-4DB0-A5CE-270479B0A181}.Debug|Any CPU.ActiveCfg = Debug|Any CPU
		{AEBA4A9E-52F3-4DB0-A5CE-270479B0A181}.Debug|Any CPU.Build.0 = Debug|Any CPU
		{AEBA4A9E-52F3-4DB0-A5CE-270479B0A181}.Release|Any CPU.ActiveCfg = Release|Any CPU
		{AEBA4A9E-52F3-4DB0-A5CE-270479B0A181}.Release|Any CPU.Build.0 = Release|Any CPU
	EndGlobalSection
	GlobalSection(SolutionProperties) = preSolution
		HideSolutionNode = FALSE
	EndGlobalSection
	GlobalSection(ExtensibilityGlobals) = postSolution
		SolutionGuid = {4680B2B1-E9C6-4878-9AEE-7553D74BFB76}
	EndGlobalSection
EndGlobal
